// !$*UTF8*$!
{
	archiveVersion = 1;
	classes = {
	};
	objectVersion = 46;
	objects = {

/* Begin PBXBuildFile section */
		27437AE018E5099E00D075D6 /* Foundation.framework in Frameworks */ = {isa = PBXBuildFile; fileRef = 27437ADF18E5099E00D075D6 /* Foundation.framework */; };
		27437AE218E5099E00D075D6 /* CoreGraphics.framework in Frameworks */ = {isa = PBXBuildFile; fileRef = 27437AE118E5099E00D075D6 /* CoreGraphics.framework */; };
		27437AE418E5099E00D075D6 /* UIKit.framework in Frameworks */ = {isa = PBXBuildFile; fileRef = 27437AE318E5099E00D075D6 /* UIKit.framework */; };
		27437AEA18E5099E00D075D6 /* InfoPlist.strings in Resources */ = {isa = PBXBuildFile; fileRef = 27437AE818E5099E00D075D6 /* InfoPlist.strings */; };
		27437AEC18E5099E00D075D6 /* main.m in Sources */ = {isa = PBXBuildFile; fileRef = 27437AEB18E5099E00D075D6 /* main.m */; };
		27437AF018E5099E00D075D6 /* AJKAppDelegate.m in Sources */ = {isa = PBXBuildFile; fileRef = 27437AEF18E5099E00D075D6 /* AJKAppDelegate.m */; };
		27437AF218E5099E00D075D6 /* Images.xcassets in Resources */ = {isa = PBXBuildFile; fileRef = 27437AF118E5099E00D075D6 /* Images.xcassets */; };
		27437AF918E5099E00D075D6 /* XCTest.framework in Frameworks */ = {isa = PBXBuildFile; fileRef = 27437AF818E5099E00D075D6 /* XCTest.framework */; };
		27437AFA18E5099E00D075D6 /* Foundation.framework in Frameworks */ = {isa = PBXBuildFile; fileRef = 27437ADF18E5099E00D075D6 /* Foundation.framework */; };
		27437AFB18E5099E00D075D6 /* UIKit.framework in Frameworks */ = {isa = PBXBuildFile; fileRef = 27437AE318E5099E00D075D6 /* UIKit.framework */; };
		27437B0318E5099E00D075D6 /* InfoPlist.strings in Resources */ = {isa = PBXBuildFile; fileRef = 27437B0118E5099E00D075D6 /* InfoPlist.strings */; };
		27437B0518E5099E00D075D6 /* MapAnnotationDemoTests.m in Sources */ = {isa = PBXBuildFile; fileRef = 27437B0418E5099E00D075D6 /* MapAnnotationDemoTests.m */; };
		27437B0F18E509BE00D075D6 /* CoreLocation.framework in Frameworks */ = {isa = PBXBuildFile; fileRef = 27437B0E18E509BE00D075D6 /* CoreLocation.framework */; };
		27437B1118E509C800D075D6 /* MapKit.framework in Frameworks */ = {isa = PBXBuildFile; fileRef = 27437B1018E509C800D075D6 /* MapKit.framework */; };
		27437B3318E50A0E00D075D6 /* anjuke_icon_itis_position.png in Resources */ = {isa = PBXBuildFile; fileRef = 27437B1318E50A0E00D075D6 /* anjuke_icon_itis_position.png */; };
		27437B3418E50A0E00D075D6 /* anjuke_icon_itis_position@2x.png in Resources */ = {isa = PBXBuildFile; fileRef = 27437B1418E50A0E00D075D6 /* anjuke_icon_itis_position@2x.png */; };
		27437B3518E50A0E00D075D6 /* anjuke_icon_to_position.png in Resources */ = {isa = PBXBuildFile; fileRef = 27437B1518E50A0E00D075D6 /* anjuke_icon_to_position.png */; };
		27437B3618E50A0E00D075D6 /* anjuke_icon_to_position1.png in Resources */ = {isa = PBXBuildFile; fileRef = 27437B1618E50A0E00D075D6 /* anjuke_icon_to_position1.png */; };
		27437B3718E50A0E00D075D6 /* anjuke_icon_to_position1@2x.png in Resources */ = {isa = PBXBuildFile; fileRef = 27437B1718E50A0E00D075D6 /* anjuke_icon_to_position1@2x.png */; };
		27437B3818E50A0E00D075D6 /* anjuke_icon_to_position@2x.png in Resources */ = {isa = PBXBuildFile; fileRef = 27437B1818E50A0E00D075D6 /* anjuke_icon_to_position@2x.png */; };
		27437B3918E50A0E00D075D6 /* CheckInstalledMapAPP.m in Sources */ = {isa = PBXBuildFile; fileRef = 27437B1A18E50A0E00D075D6 /* CheckInstalledMapAPP.m */; };
		27437B3A18E50A0E00D075D6 /* LocationChange.m in Sources */ = {isa = PBXBuildFile; fileRef = 27437B1C18E50A0E00D075D6 /* LocationChange.m */; };
		27437B3B18E50A0E00D075D6 /* LocIsBaidu.m in Sources */ = {isa = PBXBuildFile; fileRef = 27437B1E18E50A0E00D075D6 /* LocIsBaidu.m */; };
		27437B3C18E50A0E00D075D6 /* MapViewController.m in Sources */ = {isa = PBXBuildFile; fileRef = 27437B2018E50A0E00D075D6 /* MapViewController.m */; };
		27437B3E18E50A0E00D075D6 /* RegionAnnotation.m in Sources */ = {isa = PBXBuildFile; fileRef = 27437B2418E50A0E00D075D6 /* RegionAnnotation.m */; };
		27437B3F18E50A0E00D075D6 /* RegionAnnotationView.m in Sources */ = {isa = PBXBuildFile; fileRef = 27437B2618E50A0E00D075D6 /* RegionAnnotationView.m */; };
		27437B4018E50A0E00D075D6 /* wl_map_icon_1.png in Resources */ = {isa = PBXBuildFile; fileRef = 27437B2718E50A0E00D075D6 /* wl_map_icon_1.png */; };
		27437B4118E50A0E00D075D6 /* wl_map_icon_1@2x.png in Resources */ = {isa = PBXBuildFile; fileRef = 27437B2818E50A0E00D075D6 /* wl_map_icon_1@2x.png */; };
		27437B4218E50A0E00D075D6 /* wl_map_icon_1_press.png in Resources */ = {isa = PBXBuildFile; fileRef = 27437B2918E50A0E00D075D6 /* wl_map_icon_1_press.png */; };
		27437B4318E50A0E00D075D6 /* wl_map_icon_1_press@2x.png in Resources */ = {isa = PBXBuildFile; fileRef = 27437B2A18E50A0E00D075D6 /* wl_map_icon_1_press@2x.png */; };
		27437B4418E50A0E00D075D6 /* wl_map_icon_4.png in Resources */ = {isa = PBXBuildFile; fileRef = 27437B2B18E50A0E00D075D6 /* wl_map_icon_4.png */; };
		27437B4518E50A0E00D075D6 /* wl_map_icon_4@2x.png in Resources */ = {isa = PBXBuildFile; fileRef = 27437B2C18E50A0E00D075D6 /* wl_map_icon_4@2x.png */; };
		27437B4618E50A0E00D075D6 /* wl_map_icon_5.png in Resources */ = {isa = PBXBuildFile; fileRef = 27437B2D18E50A0E00D075D6 /* wl_map_icon_5.png */; };
		27437B4718E50A0E00D075D6 /* wl_map_icon_5@2x.png in Resources */ = {isa = PBXBuildFile; fileRef = 27437B2E18E50A0E00D075D6 /* wl_map_icon_5@2x.png */; };
		27437B4818E50A0E00D075D6 /* wl_map_icon_position.png in Resources */ = {isa = PBXBuildFile; fileRef = 27437B2F18E50A0E00D075D6 /* wl_map_icon_position.png */; };
		27437B4918E50A0E00D075D6 /* wl_map_icon_position@2x.png in Resources */ = {isa = PBXBuildFile; fileRef = 27437B3018E50A0E00D075D6 /* wl_map_icon_position@2x.png */; };
		27437B4A18E50A0E00D075D6 /* wl_map_icon_position_press.png in Resources */ = {isa = PBXBuildFile; fileRef = 27437B3118E50A0E00D075D6 /* wl_map_icon_position_press.png */; };
		27437B4B18E50A0E00D075D6 /* wl_map_icon_position_press@2x.png in Resources */ = {isa = PBXBuildFile; fileRef = 27437B3218E50A0E00D075D6 /* wl_map_icon_position_press@2x.png */; };
		27437B4E18E50A1B00D075D6 /* AJKMainViewController.m in Sources */ = {isa = PBXBuildFile; fileRef = 27437B4D18E50A1B00D075D6 /* AJKMainViewController.m */; };
		27437B5718E511F900D075D6 /* RegexKitLite.m in Sources */ = {isa = PBXBuildFile; fileRef = 27437B5618E511F900D075D6 /* RegexKitLite.m */; settings = {COMPILER_FLAGS = "-fno-objc-arc"; }; };
		27437B9618E514F600D075D6 /* libicucore.dylib in Frameworks */ = {isa = PBXBuildFile; fileRef = 27437B9518E514F600D075D6 /* libicucore.dylib */; };
/* End PBXBuildFile section */

/* Begin PBXContainerItemProxy section */
		27437AFC18E5099E00D075D6 /* PBXContainerItemProxy */ = {
			isa = PBXContainerItemProxy;
			containerPortal = 27437AD418E5099E00D075D6 /* Project object */;
			proxyType = 1;
			remoteGlobalIDString = 27437ADB18E5099E00D075D6;
			remoteInfo = MapAnnotationDemo;
		};
/* End PBXContainerItemProxy section */

/* Begin PBXFileReference section */
		27437ADC18E5099E00D075D6 /* MapAnnotationDemo.app */ = {isa = PBXFileReference; explicitFileType = wrapper.application; includeInIndex = 0; path = MapAnnotationDemo.app; sourceTree = BUILT_PRODUCTS_DIR; };
		27437ADF18E5099E00D075D6 /* Foundation.framework */ = {isa = PBXFileReference; lastKnownFileType = wrapper.framework; name = Foundation.framework; path = System/Library/Frameworks/Foundation.framework; sourceTree = SDKROOT; };
		27437AE118E5099E00D075D6 /* CoreGraphics.framework */ = {isa = PBXFileReference; lastKnownFileType = wrapper.framework; name = CoreGraphics.framework; path = System/Library/Frameworks/CoreGraphics.framework; sourceTree = SDKROOT; };
		27437AE318E5099E00D075D6 /* UIKit.framework */ = {isa = PBXFileReference; lastKnownFileType = wrapper.framework; name = UIKit.framework; path = System/Library/Frameworks/UIKit.framework; sourceTree = SDKROOT; };
		27437AE718E5099E00D075D6 /* MapAnnotationDemo-Info.plist */ = {isa = PBXFileReference; lastKnownFileType = text.plist.xml; path = "MapAnnotationDemo-Info.plist"; sourceTree = "<group>"; };
		27437AE918E5099E00D075D6 /* en */ = {isa = PBXFileReference; lastKnownFileType = text.plist.strings; name = en; path = en.lproj/InfoPlist.strings; sourceTree = "<group>"; };
		27437AEB18E5099E00D075D6 /* main.m */ = {isa = PBXFileReference; lastKnownFileType = sourcecode.c.objc; path = main.m; sourceTree = "<group>"; };
		27437AED18E5099E00D075D6 /* MapAnnotationDemo-Prefix.pch */ = {isa = PBXFileReference; lastKnownFileType = sourcecode.c.h; path = "MapAnnotationDemo-Prefix.pch"; sourceTree = "<group>"; };
		27437AEE18E5099E00D075D6 /* AJKAppDelegate.h */ = {isa = PBXFileReference; lastKnownFileType = sourcecode.c.h; path = AJKAppDelegate.h; sourceTree = "<group>"; };
		27437AEF18E5099E00D075D6 /* AJKAppDelegate.m */ = {isa = PBXFileReference; lastKnownFileType = sourcecode.c.objc; path = AJKAppDelegate.m; sourceTree = "<group>"; };
		27437AF118E5099E00D075D6 /* Images.xcassets */ = {isa = PBXFileReference; lastKnownFileType = folder.assetcatalog; path = Images.xcassets; sourceTree = "<group>"; };
		27437AF718E5099E00D075D6 /* MapAnnotationDemoTests.xctest */ = {isa = PBXFileReference; explicitFileType = wrapper.cfbundle; includeInIndex = 0; path = MapAnnotationDemoTests.xctest; sourceTree = BUILT_PRODUCTS_DIR; };
		27437AF818E5099E00D075D6 /* XCTest.framework */ = {isa = PBXFileReference; lastKnownFileType = wrapper.framework; name = XCTest.framework; path = Library/Frameworks/XCTest.framework; sourceTree = DEVELOPER_DIR; };
		27437B0018E5099E00D075D6 /* MapAnnotationDemoTests-Info.plist */ = {isa = PBXFileReference; lastKnownFileType = text.plist.xml; path = "MapAnnotationDemoTests-Info.plist"; sourceTree = "<group>"; };
		27437B0218E5099E00D075D6 /* en */ = {isa = PBXFileReference; lastKnownFileType = text.plist.strings; name = en; path = en.lproj/InfoPlist.strings; sourceTree = "<group>"; };
		27437B0418E5099E00D075D6 /* MapAnnotationDemoTests.m */ = {isa = PBXFileReference; lastKnownFileType = sourcecode.c.objc; path = MapAnnotationDemoTests.m; sourceTree = "<group>"; };
		27437B0E18E509BE00D075D6 /* CoreLocation.framework */ = {isa = PBXFileReference; lastKnownFileType = wrapper.framework; name = CoreLocation.framework; path = System/Library/Frameworks/CoreLocation.framework; sourceTree = SDKROOT; };
		27437B1018E509C800D075D6 /* MapKit.framework */ = {isa = PBXFileReference; lastKnownFileType = wrapper.framework; name = MapKit.framework; path = System/Library/Frameworks/MapKit.framework; sourceTree = SDKROOT; };
		27437B1318E50A0E00D075D6 /* anjuke_icon_itis_position.png */ = {isa = PBXFileReference; lastKnownFileType = image.png; path = anjuke_icon_itis_position.png; sourceTree = "<group>"; };
		27437B1418E50A0E00D075D6 /* anjuke_icon_itis_position@2x.png */ = {isa = PBXFileReference; lastKnownFileType = image.png; path = "anjuke_icon_itis_position@2x.png"; sourceTree = "<group>"; };
		27437B1518E50A0E00D075D6 /* anjuke_icon_to_position.png */ = {isa = PBXFileReference; lastKnownFileType = image.png; path = anjuke_icon_to_position.png; sourceTree = "<group>"; };
		27437B1618E50A0E00D075D6 /* anjuke_icon_to_position1.png */ = {isa = PBXFileReference; lastKnownFileType = image.png; path = anjuke_icon_to_position1.png; sourceTree = "<group>"; };
		27437B1718E50A0E00D075D6 /* anjuke_icon_to_position1@2x.png */ = {isa = PBXFileReference; lastKnownFileType = image.png; path = "anjuke_icon_to_position1@2x.png"; sourceTree = "<group>"; };
		27437B1818E50A0E00D075D6 /* anjuke_icon_to_position@2x.png */ = {isa = PBXFileReference; lastKnownFileType = image.png; path = "anjuke_icon_to_position@2x.png"; sourceTree = "<group>"; };
		27437B1918E50A0E00D075D6 /* CheckInstalledMapAPP.h */ = {isa = PBXFileReference; fileEncoding = 4; lastKnownFileType = sourcecode.c.h; path = CheckInstalledMapAPP.h; sourceTree = "<group>"; };
		27437B1A18E50A0E00D075D6 /* CheckInstalledMapAPP.m */ = {isa = PBXFileReference; fileEncoding = 4; lastKnownFileType = sourcecode.c.objc; path = CheckInstalledMapAPP.m; sourceTree = "<group>"; };
		27437B1B18E50A0E00D075D6 /* LocationChange.h */ = {isa = PBXFileReference; fileEncoding = 4; lastKnownFileType = sourcecode.c.h; path = LocationChange.h; sourceTree = "<group>"; };
		27437B1C18E50A0E00D075D6 /* LocationChange.m */ = {isa = PBXFileReference; fileEncoding = 4; lastKnownFileType = sourcecode.c.objc; path = LocationChange.m; sourceTree = "<group>"; };
		27437B1D18E50A0E00D075D6 /* LocIsBaidu.h */ = {isa = PBXFileReference; fileEncoding = 4; lastKnownFileType = sourcecode.c.h; path = LocIsBaidu.h; sourceTree = "<group>"; };
		27437B1E18E50A0E00D075D6 /* LocIsBaidu.m */ = {isa = PBXFileReference; fileEncoding = 4; lastKnownFileType = sourcecode.c.objc; path = LocIsBaidu.m; sourceTree = "<group>"; };
		27437B1F18E50A0E00D075D6 /* MapViewController.h */ = {isa = PBXFileReference; fileEncoding = 4; lastKnownFileType = sourcecode.c.h; path = MapViewController.h; sourceTree = "<group>"; };
		27437B2018E50A0E00D075D6 /* MapViewController.m */ = {isa = PBXFileReference; fileEncoding = 4; lastKnownFileType = sourcecode.c.objc; path = MapViewController.m; sourceTree = "<group>"; };
		27437B2318E50A0E00D075D6 /* RegionAnnotation.h */ = {isa = PBXFileReference; fileEncoding = 4; lastKnownFileType = sourcecode.c.h; path = RegionAnnotation.h; sourceTree = "<group>"; };
		27437B2418E50A0E00D075D6 /* RegionAnnotation.m */ = {isa = PBXFileReference; fileEncoding = 4; lastKnownFileType = sourcecode.c.objc; path = RegionAnnotation.m; sourceTree = "<group>"; };
		27437B2518E50A0E00D075D6 /* RegionAnnotationView.h */ = {isa = PBXFileReference; fileEncoding = 4; lastKnownFileType = sourcecode.c.h; path = RegionAnnotationView.h; sourceTree = "<group>"; };
		27437B2618E50A0E00D075D6 /* RegionAnnotationView.m */ = {isa = PBXFileReference; fileEncoding = 4; lastKnownFileType = sourcecode.c.objc; path = RegionAnnotationView.m; sourceTree = "<group>"; };
		27437B2718E50A0E00D075D6 /* wl_map_icon_1.png */ = {isa = PBXFileReference; lastKnownFileType = image.png; path = wl_map_icon_1.png; sourceTree = "<group>"; };
		27437B2818E50A0E00D075D6 /* wl_map_icon_1@2x.png */ = {isa = PBXFileReference; lastKnownFileType = image.png; path = "wl_map_icon_1@2x.png"; sourceTree = "<group>"; };
		27437B2918E50A0E00D075D6 /* wl_map_icon_1_press.png */ = {isa = PBXFileReference; lastKnownFileType = image.png; path = wl_map_icon_1_press.png; sourceTree = "<group>"; };
		27437B2A18E50A0E00D075D6 /* wl_map_icon_1_press@2x.png */ = {isa = PBXFileReference; lastKnownFileType = image.png; path = "wl_map_icon_1_press@2x.png"; sourceTree = "<group>"; };
		27437B2B18E50A0E00D075D6 /* wl_map_icon_4.png */ = {isa = PBXFileReference; lastKnownFileType = image.png; path = wl_map_icon_4.png; sourceTree = "<group>"; };
		27437B2C18E50A0E00D075D6 /* wl_map_icon_4@2x.png */ = {isa = PBXFileReference; lastKnownFileType = image.png; path = "wl_map_icon_4@2x.png"; sourceTree = "<group>"; };
		27437B2D18E50A0E00D075D6 /* wl_map_icon_5.png */ = {isa = PBXFileReference; lastKnownFileType = image.png; path = wl_map_icon_5.png; sourceTree = "<group>"; };
		27437B2E18E50A0E00D075D6 /* wl_map_icon_5@2x.png */ = {isa = PBXFileReference; lastKnownFileType = image.png; path = "wl_map_icon_5@2x.png"; sourceTree = "<group>"; };
		27437B2F18E50A0E00D075D6 /* wl_map_icon_position.png */ = {isa = PBXFileReference; lastKnownFileType = image.png; path = wl_map_icon_position.png; sourceTree = "<group>"; };
		27437B3018E50A0E00D075D6 /* wl_map_icon_position@2x.png */ = {isa = PBXFileReference; lastKnownFileType = image.png; path = "wl_map_icon_position@2x.png"; sourceTree = "<group>"; };
		27437B3118E50A0E00D075D6 /* wl_map_icon_position_press.png */ = {isa = PBXFileReference; lastKnownFileType = image.png; path = wl_map_icon_position_press.png; sourceTree = "<group>"; };
		27437B3218E50A0E00D075D6 /* wl_map_icon_position_press@2x.png */ = {isa = PBXFileReference; lastKnownFileType = image.png; path = "wl_map_icon_position_press@2x.png"; sourceTree = "<group>"; };
		27437B4C18E50A1B00D075D6 /* AJKMainViewController.h */ = {isa = PBXFileReference; fileEncoding = 4; lastKnownFileType = sourcecode.c.h; path = AJKMainViewController.h; sourceTree = "<group>"; };
		27437B4D18E50A1B00D075D6 /* AJKMainViewController.m */ = {isa = PBXFileReference; fileEncoding = 4; lastKnownFileType = sourcecode.c.objc; path = AJKMainViewController.m; sourceTree = "<group>"; };
		27437B5518E511F900D075D6 /* RegexKitLite.h */ = {isa = PBXFileReference; fileEncoding = 4; lastKnownFileType = sourcecode.c.h; path = RegexKitLite.h; sourceTree = "<group>"; };
		27437B5618E511F900D075D6 /* RegexKitLite.m */ = {isa = PBXFileReference; fileEncoding = 4; lastKnownFileType = sourcecode.c.objc; path = RegexKitLite.m; sourceTree = "<group>"; };
		27437B9318E514BF00D075D6 /* libz.1.2.5.dylib */ = {isa = PBXFileReference; lastKnownFileType = "compiled.mach-o.dylib"; name = libz.1.2.5.dylib; path = usr/lib/libz.1.2.5.dylib; sourceTree = SDKROOT; };
		27437B9518E514F600D075D6 /* libicucore.dylib */ = {isa = PBXFileReference; lastKnownFileType = "compiled.mach-o.dylib"; name = libicucore.dylib; path = usr/lib/libicucore.dylib; sourceTree = SDKROOT; };
/* End PBXFileReference section */

/* Begin PBXFrameworksBuildPhase section */
		27437AD918E5099E00D075D6 /* Frameworks */ = {
			isa = PBXFrameworksBuildPhase;
			buildActionMask = 2147483647;
			files = (
				27437B9618E514F600D075D6 /* libicucore.dylib in Frameworks */,
				27437B1118E509C800D075D6 /* MapKit.framework in Frameworks */,
				27437B0F18E509BE00D075D6 /* CoreLocation.framework in Frameworks */,
				27437AE218E5099E00D075D6 /* CoreGraphics.framework in Frameworks */,
				27437AE418E5099E00D075D6 /* UIKit.framework in Frameworks */,
				27437AE018E5099E00D075D6 /* Foundation.framework in Frameworks */,
			);
			runOnlyForDeploymentPostprocessing = 0;
		};
		27437AF418E5099E00D075D6 /* Frameworks */ = {
			isa = PBXFrameworksBuildPhase;
			buildActionMask = 2147483647;
			files = (
				27437AF918E5099E00D075D6 /* XCTest.framework in Frameworks */,
				27437AFB18E5099E00D075D6 /* UIKit.framework in Frameworks */,
				27437AFA18E5099E00D075D6 /* Foundation.framework in Frameworks */,
			);
			runOnlyForDeploymentPostprocessing = 0;
		};
/* End PBXFrameworksBuildPhase section */

/* Begin PBXGroup section */
		27437AD318E5099E00D075D6 = {
			isa = PBXGroup;
			children = (
				27437AE518E5099E00D075D6 /* MapAnnotationDemo */,
				27437AFE18E5099E00D075D6 /* MapAnnotationDemoTests */,
				27437ADE18E5099E00D075D6 /* Frameworks */,
				27437ADD18E5099E00D075D6 /* Products */,
			);
			sourceTree = "<group>";
		};
		27437ADD18E5099E00D075D6 /* Products */ = {
			isa = PBXGroup;
			children = (
				27437ADC18E5099E00D075D6 /* MapAnnotationDemo.app */,
				27437AF718E5099E00D075D6 /* MapAnnotationDemoTests.xctest */,
			);
			name = Products;
			sourceTree = "<group>";
		};
		27437ADE18E5099E00D075D6 /* Frameworks */ = {
			isa = PBXGroup;
			children = (
				27437B9518E514F600D075D6 /* libicucore.dylib */,
				27437B9318E514BF00D075D6 /* libz.1.2.5.dylib */,
				27437B1018E509C800D075D6 /* MapKit.framework */,
				27437B0E18E509BE00D075D6 /* CoreLocation.framework */,
				27437ADF18E5099E00D075D6 /* Foundation.framework */,
				27437AE118E5099E00D075D6 /* CoreGraphics.framework */,
				27437AE318E5099E00D075D6 /* UIKit.framework */,
				27437AF818E5099E00D075D6 /* XCTest.framework */,
			);
			name = Frameworks;
			sourceTree = "<group>";
		};
		27437AE518E5099E00D075D6 /* MapAnnotationDemo */ = {
			isa = PBXGroup;
			children = (
				27437B1218E50A0E00D075D6 /* mapView */,
				27437AEE18E5099E00D075D6 /* AJKAppDelegate.h */,
				27437AEF18E5099E00D075D6 /* AJKAppDelegate.m */,
				27437B4C18E50A1B00D075D6 /* AJKMainViewController.h */,
				27437B4D18E50A1B00D075D6 /* AJKMainViewController.m */,
				27437AF118E5099E00D075D6 /* Images.xcassets */,
				27437AE618E5099E00D075D6 /* Supporting Files */,
			);
			path = MapAnnotationDemo;
			sourceTree = "<group>";
		};
		27437AE618E5099E00D075D6 /* Supporting Files */ = {
			isa = PBXGroup;
			children = (
				27437AE718E5099E00D075D6 /* MapAnnotationDemo-Info.plist */,
				27437AE818E5099E00D075D6 /* InfoPlist.strings */,
				27437AEB18E5099E00D075D6 /* main.m */,
				27437AED18E5099E00D075D6 /* MapAnnotationDemo-Prefix.pch */,
			);
			name = "Supporting Files";
			sourceTree = "<group>";
		};
		27437AFE18E5099E00D075D6 /* MapAnnotationDemoTests */ = {
			isa = PBXGroup;
			children = (
				27437B0418E5099E00D075D6 /* MapAnnotationDemoTests.m */,
				27437AFF18E5099E00D075D6 /* Supporting Files */,
			);
			path = MapAnnotationDemoTests;
			sourceTree = "<group>";
		};
		27437AFF18E5099E00D075D6 /* Supporting Files */ = {
			isa = PBXGroup;
			children = (
				27437B0018E5099E00D075D6 /* MapAnnotationDemoTests-Info.plist */,
				27437B0118E5099E00D075D6 /* InfoPlist.strings */,
			);
			name = "Supporting Files";
			sourceTree = "<group>";
		};
		27437B1218E50A0E00D075D6 /* mapView */ = {
			isa = PBXGroup;
			children = (
				27437B4F18E50C2F00D075D6 /* images */,
				27437B1918E50A0E00D075D6 /* CheckInstalledMapAPP.h */,
				27437B1A18E50A0E00D075D6 /* CheckInstalledMapAPP.m */,
				27437B1B18E50A0E00D075D6 /* LocationChange.h */,
				27437B1C18E50A0E00D075D6 /* LocationChange.m */,
				27437B1D18E50A0E00D075D6 /* LocIsBaidu.h */,
				27437B1E18E50A0E00D075D6 /* LocIsBaidu.m */,
				27437B1F18E50A0E00D075D6 /* MapViewController.h */,
				27437B2018E50A0E00D075D6 /* MapViewController.m */,
				27437B2318E50A0E00D075D6 /* RegionAnnotation.h */,
				27437B2418E50A0E00D075D6 /* RegionAnnotation.m */,
				27437B2518E50A0E00D075D6 /* RegionAnnotationView.h */,
				27437B2618E50A0E00D075D6 /* RegionAnnotationView.m */,
				27437B5518E511F900D075D6 /* RegexKitLite.h */,
				27437B5618E511F900D075D6 /* RegexKitLite.m */,
			);
			path = mapView;
			sourceTree = "<group>";
		};
		27437B4F18E50C2F00D075D6 /* images */ = {
			isa = PBXGroup;
			children = (
				27437B1318E50A0E00D075D6 /* anjuke_icon_itis_position.png */,
				27437B1418E50A0E00D075D6 /* anjuke_icon_itis_position@2x.png */,
				27437B1518E50A0E00D075D6 /* anjuke_icon_to_position.png */,
				27437B1618E50A0E00D075D6 /* anjuke_icon_to_position1.png */,
				27437B1718E50A0E00D075D6 /* anjuke_icon_to_position1@2x.png */,
				27437B1818E50A0E00D075D6 /* anjuke_icon_to_position@2x.png */,
				27437B2718E50A0E00D075D6 /* wl_map_icon_1.png */,
				27437B2818E50A0E00D075D6 /* wl_map_icon_1@2x.png */,
				27437B2918E50A0E00D075D6 /* wl_map_icon_1_press.png */,
				27437B2A18E50A0E00D075D6 /* wl_map_icon_1_press@2x.png */,
				27437B2B18E50A0E00D075D6 /* wl_map_icon_4.png */,
				27437B2C18E50A0E00D075D6 /* wl_map_icon_4@2x.png */,
				27437B2D18E50A0E00D075D6 /* wl_map_icon_5.png */,
				27437B2E18E50A0E00D075D6 /* wl_map_icon_5@2x.png */,
				27437B2F18E50A0E00D075D6 /* wl_map_icon_position.png */,
				27437B3018E50A0E00D075D6 /* wl_map_icon_position@2x.png */,
				27437B3118E50A0E00D075D6 /* wl_map_icon_position_press.png */,
				27437B3218E50A0E00D075D6 /* wl_map_icon_position_press@2x.png */,
			);
			name = images;
			sourceTree = "<group>";
		};
/* End PBXGroup section */

/* Begin PBXNativeTarget section */
		27437ADB18E5099E00D075D6 /* MapAnnotationDemo */ = {
			isa = PBXNativeTarget;
			buildConfigurationList = 27437B0818E5099E00D075D6 /* Build configuration list for PBXNativeTarget "MapAnnotationDemo" */;
			buildPhases = (
				27437AD818E5099E00D075D6 /* Sources */,
				27437AD918E5099E00D075D6 /* Frameworks */,
				27437ADA18E5099E00D075D6 /* Resources */,
			);
			buildRules = (
			);
			dependencies = (
			);
			name = MapAnnotationDemo;
			productName = MapAnnotationDemo;
			productReference = 27437ADC18E5099E00D075D6 /* MapAnnotationDemo.app */;
			productType = "com.apple.product-type.application";
		};
		27437AF618E5099E00D075D6 /* MapAnnotationDemoTests */ = {
			isa = PBXNativeTarget;
			buildConfigurationList = 27437B0B18E5099E00D075D6 /* Build configuration list for PBXNativeTarget "MapAnnotationDemoTests" */;
			buildPhases = (
				27437AF318E5099E00D075D6 /* Sources */,
				27437AF418E5099E00D075D6 /* Frameworks */,
				27437AF518E5099E00D075D6 /* Resources */,
			);
			buildRules = (
			);
			dependencies = (
				27437AFD18E5099E00D075D6 /* PBXTargetDependency */,
			);
			name = MapAnnotationDemoTests;
			productName = MapAnnotationDemoTests;
			productReference = 27437AF718E5099E00D075D6 /* MapAnnotationDemoTests.xctest */;
			productType = "com.apple.product-type.bundle.unit-test";
		};
/* End PBXNativeTarget section */

/* Begin PBXProject section */
		27437AD418E5099E00D075D6 /* Project object */ = {
			isa = PBXProject;
			attributes = {
				CLASSPREFIX = AJK;
				LastUpgradeCheck = 0510;
				ORGANIZATIONNAME = "夏至";
				TargetAttributes = {
					27437ADB18E5099E00D075D6 = {
						DevelopmentTeam = 52KTBFLJDB;
					};
					27437AF618E5099E00D075D6 = {
						TestTargetID = 27437ADB18E5099E00D075D6;
					};
				};
			};
			buildConfigurationList = 27437AD718E5099E00D075D6 /* Build configuration list for PBXProject "MapAnnotationDemo" */;
			compatibilityVersion = "Xcode 3.2";
			developmentRegion = English;
			hasScannedForEncodings = 0;
			knownRegions = (
				en,
			);
			mainGroup = 27437AD318E5099E00D075D6;
			productRefGroup = 27437ADD18E5099E00D075D6 /* Products */;
			projectDirPath = "";
			projectRoot = "";
			targets = (
				27437ADB18E5099E00D075D6 /* MapAnnotationDemo */,
				27437AF618E5099E00D075D6 /* MapAnnotationDemoTests */,
			);
		};
/* End PBXProject section */

/* Begin PBXResourcesBuildPhase section */
		27437ADA18E5099E00D075D6 /* Resources */ = {
			isa = PBXResourcesBuildPhase;
			buildActionMask = 2147483647;
			files = (
				27437B4A18E50A0E00D075D6 /* wl_map_icon_position_press.png in Resources */,
				27437B3518E50A0E00D075D6 /* anjuke_icon_to_position.png in Resources */,
				27437AEA18E5099E00D075D6 /* InfoPlist.strings in Resources */,
				27437B4918E50A0E00D075D6 /* wl_map_icon_position@2x.png in Resources */,
				27437B4518E50A0E00D075D6 /* wl_map_icon_4@2x.png in Resources */,
				27437AF218E5099E00D075D6 /* Images.xcassets in Resources */,
				27437B4318E50A0E00D075D6 /* wl_map_icon_1_press@2x.png in Resources */,
				27437B4118E50A0E00D075D6 /* wl_map_icon_1@2x.png in Resources */,
				27437B3418E50A0E00D075D6 /* anjuke_icon_itis_position@2x.png in Resources */,
				27437B3618E50A0E00D075D6 /* anjuke_icon_to_position1.png in Resources */,
				27437B4618E50A0E00D075D6 /* wl_map_icon_5.png in Resources */,
				27437B4018E50A0E00D075D6 /* wl_map_icon_1.png in Resources */,
				27437B3718E50A0E00D075D6 /* anjuke_icon_to_position1@2x.png in Resources */,
				27437B3318E50A0E00D075D6 /* anjuke_icon_itis_position.png in Resources */,
				27437B4B18E50A0E00D075D6 /* wl_map_icon_position_press@2x.png in Resources */,
				27437B4218E50A0E00D075D6 /* wl_map_icon_1_press.png in Resources */,
				27437B4718E50A0E00D075D6 /* wl_map_icon_5@2x.png in Resources */,
				27437B4418E50A0E00D075D6 /* wl_map_icon_4.png in Resources */,
				27437B3818E50A0E00D075D6 /* anjuke_icon_to_position@2x.png in Resources */,
				27437B4818E50A0E00D075D6 /* wl_map_icon_position.png in Resources */,
			);
			runOnlyForDeploymentPostprocessing = 0;
		};
		27437AF518E5099E00D075D6 /* Resources */ = {
			isa = PBXResourcesBuildPhase;
			buildActionMask = 2147483647;
			files = (
				27437B0318E5099E00D075D6 /* InfoPlist.strings in Resources */,
			);
			runOnlyForDeploymentPostprocessing = 0;
		};
/* End PBXResourcesBuildPhase section */

/* Begin PBXSourcesBuildPhase section */
		27437AD818E5099E00D075D6 /* Sources */ = {
			isa = PBXSourcesBuildPhase;
			buildActionMask = 2147483647;
			files = (
				27437AEC18E5099E00D075D6 /* main.m in Sources */,
				27437B3B18E50A0E00D075D6 /* LocIsBaidu.m in Sources */,
				27437B3918E50A0E00D075D6 /* CheckInstalledMapAPP.m in Sources */,
				27437B3F18E50A0E00D075D6 /* RegionAnnotationView.m in Sources */,
				27437B3E18E50A0E00D075D6 /* RegionAnnotation.m in Sources */,
				27437B4E18E50A1B00D075D6 /* AJKMainViewController.m in Sources */,
				27437B3C18E50A0E00D075D6 /* MapViewController.m in Sources */,
				27437B3A18E50A0E00D075D6 /* LocationChange.m in Sources */,
				27437B5718E511F900D075D6 /* RegexKitLite.m in Sources */,
				27437AF018E5099E00D075D6 /* AJKAppDelegate.m in Sources */,
			);
			runOnlyForDeploymentPostprocessing = 0;
		};
		27437AF318E5099E00D075D6 /* Sources */ = {
			isa = PBXSourcesBuildPhase;
			buildActionMask = 2147483647;
			files = (
				27437B0518E5099E00D075D6 /* MapAnnotationDemoTests.m in Sources */,
			);
			runOnlyForDeploymentPostprocessing = 0;
		};
/* End PBXSourcesBuildPhase section */

/* Begin PBXTargetDependency section */
		27437AFD18E5099E00D075D6 /* PBXTargetDependency */ = {
			isa = PBXTargetDependency;
			target = 27437ADB18E5099E00D075D6 /* MapAnnotationDemo */;
			targetProxy = 27437AFC18E5099E00D075D6 /* PBXContainerItemProxy */;
		};
/* End PBXTargetDependency section */

/* Begin PBXVariantGroup section */
		27437AE818E5099E00D075D6 /* InfoPlist.strings */ = {
			isa = PBXVariantGroup;
			children = (
				27437AE918E5099E00D075D6 /* en */,
			);
			name = InfoPlist.strings;
			sourceTree = "<group>";
		};
		27437B0118E5099E00D075D6 /* InfoPlist.strings */ = {
			isa = PBXVariantGroup;
			children = (
				27437B0218E5099E00D075D6 /* en */,
			);
			name = InfoPlist.strings;
			sourceTree = "<group>";
		};
/* End PBXVariantGroup section */

/* Begin XCBuildConfiguration section */
		27437B0618E5099E00D075D6 /* Debug */ = {
			isa = XCBuildConfiguration;
			buildSettings = {
				ALWAYS_SEARCH_USER_PATHS = NO;
				CLANG_CXX_LANGUAGE_STANDARD = "gnu++0x";
				CLANG_CXX_LIBRARY = "libc++";
				CLANG_ENABLE_MODULES = YES;
				CLANG_ENABLE_OBJC_ARC = YES;
				CLANG_WARN_BOOL_CONVERSION = YES;
				CLANG_WARN_CONSTANT_CONVERSION = YES;
				CLANG_WARN_DIRECT_OBJC_ISA_USAGE = YES_ERROR;
				CLANG_WARN_EMPTY_BODY = YES;
				CLANG_WARN_ENUM_CONVERSION = YES;
				CLANG_WARN_INT_CONVERSION = YES;
				CLANG_WARN_OBJC_ROOT_CLASS = YES_ERROR;
				CLANG_WARN__DUPLICATE_METHOD_MATCH = YES;
				"CODE_SIGN_IDENTITY[sdk=iphoneos*]" = "iPhone Developer";
				COPY_PHASE_STRIP = NO;
				GCC_C_LANGUAGE_STANDARD = gnu99;
				GCC_DYNAMIC_NO_PIC = NO;
				GCC_OPTIMIZATION_LEVEL = 0;
				GCC_PREPROCESSOR_DEFINITIONS = (
					"DEBUG=1",
					"$(inherited)",
				);
				GCC_SYMBOLS_PRIVATE_EXTERN = NO;
				GCC_WARN_64_TO_32_BIT_CONVERSION = YES;
				GCC_WARN_ABOUT_RETURN_TYPE = YES_ERROR;
				GCC_WARN_UNDECLARED_SELECTOR = YES;
				GCC_WARN_UNINITIALIZED_AUTOS = YES_AGGRESSIVE;
				GCC_WARN_UNUSED_FUNCTION = YES;
				GCC_WARN_UNUSED_VARIABLE = YES;
				IPHONEOS_DEPLOYMENT_TARGET = 5.0;
				ONLY_ACTIVE_ARCH = NO;
				SDKROOT = iphoneos;
			};
			name = Debug;
		};
		27437B0718E5099E00D075D6 /* Release */ = {
			isa = XCBuildConfiguration;
			buildSettings = {
				ALWAYS_SEARCH_USER_PATHS = NO;
				CLANG_CXX_LANGUAGE_STANDARD = "gnu++0x";
				CLANG_CXX_LIBRARY = "libc++";
				CLANG_ENABLE_MODULES = YES;
				CLANG_ENABLE_OBJC_ARC = YES;
				CLANG_WARN_BOOL_CONVERSION = YES;
				CLANG_WARN_CONSTANT_CONVERSION = YES;
				CLANG_WARN_DIRECT_OBJC_ISA_USAGE = YES_ERROR;
				CLANG_WARN_EMPTY_BODY = YES;
				CLANG_WARN_ENUM_CONVERSION = YES;
				CLANG_WARN_INT_CONVERSION = YES;
				CLANG_WARN_OBJC_ROOT_CLASS = YES_ERROR;
				CLANG_WARN__DUPLICATE_METHOD_MATCH = YES;
				"CODE_SIGN_IDENTITY[sdk=iphoneos*]" = "iPhone Developer";
				COPY_PHASE_STRIP = NO;
				ENABLE_NS_ASSERTIONS = NO;
				GCC_C_LANGUAGE_STANDARD = gnu99;
				GCC_WARN_64_TO_32_BIT_CONVERSION = YES;
				GCC_WARN_ABOUT_RETURN_TYPE = YES_ERROR;
				GCC_WARN_UNDECLARED_SELECTOR = YES;
				GCC_WARN_UNINITIALIZED_AUTOS = YES_AGGRESSIVE;
				GCC_WARN_UNUSED_FUNCTION = YES;
				GCC_WARN_UNUSED_VARIABLE = YES;
				IPHONEOS_DEPLOYMENT_TARGET = 5.0;
				SDKROOT = iphoneos;
				VALIDATE_PRODUCT = YES;
			};
			name = Release;
		};
		27437B0918E5099E00D075D6 /* Debug */ = {
			isa = XCBuildConfiguration;
			buildSettings = {
				ASSETCATALOG_COMPILER_APPICON_NAME = AppIcon;
				ASSETCATALOG_COMPILER_LAUNCHIMAGE_NAME = LaunchImage;
				CODE_SIGN_IDENTITY = "iPhone Developer";
				"CODE_SIGN_IDENTITY[sdk=iphoneos*]" = "iPhone Developer";
				GCC_PRECOMPILE_PREFIX_HEADER = YES;
				GCC_PREFIX_HEADER = "MapAnnotationDemo/MapAnnotationDemo-Prefix.pch";
				INFOPLIST_FILE = "MapAnnotationDemo/MapAnnotationDemo-Info.plist";
				IPHONEOS_DEPLOYMENT_TARGET = 5.0;
				ONLY_ACTIVE_ARCH = NO;
				PRODUCT_NAME = "$(TARGET_NAME)";
				PROVISIONING_PROFILE = "";
				VALID_ARCHS = "armv7 armv7s";
				WRAPPER_EXTENSION = app;
			};
			name = Debug;
		};
		27437B0A18E5099E00D075D6 /* Release */ = {
			isa = XCBuildConfiguration;
			buildSettings = {
				ASSETCATALOG_COMPILER_APPICON_NAME = AppIcon;
				ASSETCATALOG_COMPILER_LAUNCHIMAGE_NAME = LaunchImage;
				CODE_SIGN_IDENTITY = "iPhone Developer";
				"CODE_SIGN_IDENTITY[sdk=iphoneos*]" = "iPhone Developer";
				GCC_PRECOMPILE_PREFIX_HEADER = YES;
				GCC_PREFIX_HEADER = "MapAnnotationDemo/MapAnnotationDemo-Prefix.pch";
				INFOPLIST_FILE = "MapAnnotationDemo/MapAnnotationDemo-Info.plist";
				IPHONEOS_DEPLOYMENT_TARGET = 5.0;
				PRODUCT_NAME = "$(TARGET_NAME)";
				PROVISIONING_PROFILE = "";
				VALID_ARCHS = "armv7 armv7s";
				WRAPPER_EXTENSION = app;
			};
			name = Release;
		};
		27437B0C18E5099E00D075D6 /* Debug */ = {
			isa = XCBuildConfiguration;
			buildSettings = {
				BUNDLE_LOADER = "$(BUILT_PRODUCTS_DIR)/MapAnnotationDemo.app/MapAnnotationDemo";
				FRAMEWORK_SEARCH_PATHS = (
					"$(SDKROOT)/Developer/Library/Frameworks",
					"$(inherited)",
					"$(DEVELOPER_FRAMEWORKS_DIR)",
				);
				GCC_PRECOMPILE_PREFIX_HEADER = YES;
				GCC_PREFIX_HEADER = "MapAnnotationDemo/MapAnnotationDemo-Prefix.pch";
				GCC_PREPROCESSOR_DEFINITIONS = (
					"DEBUG=1",
					"$(inherited)",
				);
				INFOPLIST_FILE = "MapAnnotationDemoTests/MapAnnotationDemoTests-Info.plist";
				PRODUCT_NAME = "$(TARGET_NAME)";
				TEST_HOST = "$(BUNDLE_LOADER)";
				WRAPPER_EXTENSION = xctest;
			};
			name = Debug;
		};
		27437B0D18E5099E00D075D6 /* Release */ = {
			isa = XCBuildConfiguration;
			buildSettings = {
				BUNDLE_LOADER = "$(BUILT_PRODUCTS_DIR)/MapAnnotationDemo.app/MapAnnotationDemo";
				FRAMEWORK_SEARCH_PATHS = (
					"$(SDKROOT)/Developer/Library/Frameworks",
					"$(inherited)",
					"$(DEVELOPER_FRAMEWORKS_DIR)",
				);
				GCC_PRECOMPILE_PREFIX_HEADER = YES;
				GCC_PREFIX_HEADER = "MapAnnotationDemo/MapAnnotationDemo-Prefix.pch";
				INFOPLIST_FILE = "MapAnnotationDemoTests/MapAnnotationDemoTests-Info.plist";
				PRODUCT_NAME = "$(TARGET_NAME)";
				TEST_HOST = "$(BUNDLE_LOADER)";
				WRAPPER_EXTENSION = xctest;
			};
			name = Release;
		};
/* End XCBuildConfiguration section */

/* Begin XCConfigurationList section */
		27437AD718E5099E00D075D6 /* Build configuration list for PBXProject "MapAnnotationDemo" */ = {
			isa = XCConfigurationList;
			buildConfigurations = (
				27437B0618E5099E00D075D6 /* Debug */,
				27437B0718E5099E00D075D6 /* Release */,
			);
			defaultConfigurationIsVisible = 0;
			defaultConfigurationName = Release;
		};
		27437B0818E5099E00D075D6 /* Build configuration list for PBXNativeTarget "MapAnnotationDemo" */ = {
			isa = XCConfigurationList;
			buildConfigurations = (
				27437B0918E5099E00D075D6 /* Debug */,
				27437B0A18E5099E00D075D6 /* Release */,
			);
			defaultConfigurationIsVisible = 0;
			defaultConfigurationName = Release;
		};
		27437B0B18E5099E00D075D6 /* Build configuration list for PBXNativeTarget "MapAnnotationDemoTests" */ = {
			isa = XCConfigurationList;
			buildConfigurations = (
				27437B0C18E5099E00D075D6 /* Debug */,
				27437B0D18E5099E00D075D6 /* Release */,
			);
			defaultConfigurationIsVisible = 0;
			defaultConfigurationName = Release;
		};
/* End XCConfigurationList section */
	};
	rootObject = 27437AD418E5099E00D075D6 /* Project object */;
}
